
Microsoft Visual Studio Solution File, Format Version 12.00
# Visual Studio Version 17
VisualStudioVersion = 17.4.33205.214
MinimumVisualStudioVersion = 10.0.40219.1
Project("{FAE04EC0-301F-11D3-BF4B-00C04F79EFBC}") = "CopyDirectory", "CopyDirectory.csproj", "{978B1DA1-C5C0-48B5-B361-82EEADDECE55}"
EndProject
Global
	GlobalSection(SolutionConfigurationPlatforms) = preSolution
		Debug|Any CPU = Debug|Any CPU
		Release|Any CPU = Release|Any CPU
	EndGlobalSection
	GlobalSection(ProjectConfigurationPlatforms) = postSolution
		{978B1DA1-C5C0-48B5-B361-82EEADDECE55}.Debug|Any CPU.ActiveCfg = Debug|Any CPU
		{978B1DA1-C5C0-48B5-B361-82EEADDECE55}.Debug|Any CPU.Build.0 = Debug|Any CPU
		{978B1DA1-C5C0-48B5-B361-82EEADDECE55}.Release|Any CPU.ActiveCfg = Release|Any CPU
		{978B1DA1-C5C0-48B5-B361-82EEADDECE55}.Release|Any CPU.Build.0 = Release|Any CPU
	EndGlobalSection
	GlobalSection(SolutionProperties) = preSolution
		HideSolutionNode = FALSE
	EndGlobalSection
	GlobalSection(ExtensibilityGlobals) = postSolution
		SolutionGuid = {3A4910A3-C379-4A32-BCEC-13CBF9C7C9AF}
	EndGlobalSection
EndGlobal
